
Microsoft Visual Studio Solution File, Format Version 12.00
# Visual Studio Version 16
VisualStudioVersion = 16.0.32002.261
MinimumVisualStudioVersion = 10.0.40219.1
Project("{FAE04EC0-301F-11D3-BF4B-00C04F79EFBC}") = "INTEXimdone", "INTEXimdone.csproj", "{53E82C2E-0188-44B9-9582-BD44C1EB4CE0}"
EndProject
Global
	GlobalSection(SolutionConfigurationPlatforms) = preSolution
		Debug|Any CPU = Debug|Any CPU
		Release|Any CPU = Release|Any CPU
	EndGlobalSection
	GlobalSection(ProjectConfigurationPlatforms) = postSolution
		{53E82C2E-0188-44B9-9582-BD44C1EB4CE0}.Debug|Any CPU.ActiveCfg = Debug|Any CPU
		{53E82C2E-0188-44B9-9582-BD44C1EB4CE0}.Debug|Any CPU.Build.0 = Debug|Any CPU
		{53E82C2E-0188-44B9-9582-BD44C1EB4CE0}.Release|Any CPU.ActiveCfg = Release|Any CPU
		{53E82C2E-0188-44B9-9582-BD44C1EB4CE0}.Release|Any CPU.Build.0 = Release|Any CPU
	EndGlobalSection
	GlobalSection(SolutionProperties) = preSolution
		HideSolutionNode = FALSE
	EndGlobalSection
	GlobalSection(ExtensibilityGlobals) = postSolution
		SolutionGuid = {67BA46CE-39A0-4EC4-870E-836E5D5B8834}
	EndGlobalSection
EndGlobal
